
Microsoft Visual Studio Solution File, Format Version 12.00
Project("{FAE04EC0-301F-11D3-BF4B-00C04F79EFBC}") = "QApiGateway", "QApiGateway\QApiGateway.csproj", "{B1189649-F79E-41EF-AFC4-CBBFA3BBDCBF}"
EndProject
Global
	GlobalSection(SolutionConfigurationPlatforms) = preSolution
		Debug|Any CPU = Debug|Any CPU
		Release|Any CPU = Release|Any CPU
	EndGlobalSection
	GlobalSection(ProjectConfigurationPlatforms) = postSolution
		{B1189649-F79E-41EF-AFC4-CBBFA3BBDCBF}.Debug|Any CPU.ActiveCfg = Debug|Any CPU
		{B1189649-F79E-41EF-AFC4-CBBFA3BBDCBF}.Debug|Any CPU.Build.0 = Debug|Any CPU
		{B1189649-F79E-41EF-AFC4-CBBFA3BBDCBF}.Release|Any CPU.ActiveCfg = Release|Any CPU
		{B1189649-F79E-41EF-AFC4-CBBFA3BBDCBF}.Release|Any CPU.Build.0 = Release|Any CPU
	EndGlobalSection
EndGlobal
